
Microsoft Visual Studio Solution File, Format Version 12.00
# Visual Studio 15
VisualStudioVersion = 15.0.27428.2037
MinimumVisualStudioVersion = 10.0.40219.1
Project("{FAE04EC0-301F-11D3-BF4B-00C04F79EFBC}") = "ATM", "ATM\ATM.csproj", "{8657309C-447F-49D3-AADD-1A1DA64ABA0E}"
EndProject
Project("{FAE04EC0-301F-11D3-BF4B-00C04F79EFBC}") = "ATM.Tests", "ATM.Tests\ATM.Tests.csproj", "{6002804A-6C34-4D8E-BF22-3C6050C5F8ED}"
EndProject
Global
	GlobalSection(SolutionConfigurationPlatforms) = preSolution
		Debug|Any CPU = Debug|Any CPU
		Release|Any CPU = Release|Any CPU
	EndGlobalSection
	GlobalSection(ProjectConfigurationPlatforms) = postSolution
		{8657309C-447F-49D3-AADD-1A1DA64ABA0E}.Debug|Any CPU.ActiveCfg = Debug|Any CPU
		{8657309C-447F-49D3-AADD-1A1DA64ABA0E}.Debug|Any CPU.Build.0 = Debug|Any CPU
		{8657309C-447F-49D3-AADD-1A1DA64ABA0E}.Release|Any CPU.ActiveCfg = Release|Any CPU
		{8657309C-447F-49D3-AADD-1A1DA64ABA0E}.Release|Any CPU.Build.0 = Release|Any CPU
		{6002804A-6C34-4D8E-BF22-3C6050C5F8ED}.Debug|Any CPU.ActiveCfg = Debug|Any CPU
		{6002804A-6C34-4D8E-BF22-3C6050C5F8ED}.Debug|Any CPU.Build.0 = Debug|Any CPU
		{6002804A-6C34-4D8E-BF22-3C6050C5F8ED}.Release|Any CPU.ActiveCfg = Release|Any CPU
		{6002804A-6C34-4D8E-BF22-3C6050C5F8ED}.Release|Any CPU.Build.0 = Release|Any CPU
	EndGlobalSection
	GlobalSection(SolutionProperties) = preSolution
		HideSolutionNode = FALSE
	EndGlobalSection
	GlobalSection(ExtensibilityGlobals) = postSolution
		SolutionGuid = {11D48C25-286A-40FF-80E1-26FF3ABF77AE}
	EndGlobalSection
EndGlobal
